
Microsoft Visual Studio Solution File, Format Version 12.00
# Visual Studio 15
VisualStudioVersion = 15.0.27130.2027
MinimumVisualStudioVersion = 10.0.40219.1
Project("{FAE04EC0-301F-11D3-BF4B-00C04F79EFBC}") = "JsonConverter", "JsonConverter\JsonConverter.csproj", "{FF1C7CA5-1631-4A12-BB4D-558F4C6834A6}"
EndProject
Project("{FAE04EC0-301F-11D3-BF4B-00C04F79EFBC}") = "JsonConverterTest", "JsonConverterTest\JsonConverterTest.csproj", "{D431A51E-56D8-422B-A9F9-B66DADBE5C64}"
EndProject
Global
	GlobalSection(SolutionConfigurationPlatforms) = preSolution
		Debug|Any CPU = Debug|Any CPU
		Release|Any CPU = Release|Any CPU
	EndGlobalSection
	GlobalSection(ProjectConfigurationPlatforms) = postSolution
		{FF1C7CA5-1631-4A12-BB4D-558F4C6834A6}.Debug|Any CPU.ActiveCfg = Debug|Any CPU
		{FF1C7CA5-1631-4A12-BB4D-558F4C6834A6}.Debug|Any CPU.Build.0 = Debug|Any CPU
		{FF1C7CA5-1631-4A12-BB4D-558F4C6834A6}.Release|Any CPU.ActiveCfg = Release|Any CPU
		{FF1C7CA5-1631-4A12-BB4D-558F4C6834A6}.Release|Any CPU.Build.0 = Release|Any CPU
		{D431A51E-56D8-422B-A9F9-B66DADBE5C64}.Debug|Any CPU.ActiveCfg = Debug|Any CPU
		{D431A51E-56D8-422B-A9F9-B66DADBE5C64}.Debug|Any CPU.Build.0 = Debug|Any CPU
		{D431A51E-56D8-422B-A9F9-B66DADBE5C64}.Release|Any CPU.ActiveCfg = Release|Any CPU
		{D431A51E-56D8-422B-A9F9-B66DADBE5C64}.Release|Any CPU.Build.0 = Release|Any CPU
	EndGlobalSection
	GlobalSection(SolutionProperties) = preSolution
		HideSolutionNode = FALSE
	EndGlobalSection
	GlobalSection(ExtensibilityGlobals) = postSolution
		SolutionGuid = {5EF5AD88-E203-4585-93E4-59EFA9632C37}
	EndGlobalSection
EndGlobal
